
Microsoft Visual Studio Solution File, Format Version 12.00
# Visual Studio Version 17
VisualStudioVersion = 17.6.33815.320
MinimumVisualStudioVersion = 10.0.40219.1
Project("{FAE04EC0-301F-11D3-BF4B-00C04F79EFBC}") = "ExcelGenerator", "ExcelGenerator\ExcelGenerator.csproj", "{E43AD811-B009-4E1D-B95A-5EFACF449AFE}"
EndProject
Global
	GlobalSection(SolutionConfigurationPlatforms) = preSolution
		Debug|Any CPU = Debug|Any CPU
		Release|Any CPU = Release|Any CPU
	EndGlobalSection
	GlobalSection(ProjectConfigurationPlatforms) = postSolution
		{E43AD811-B009-4E1D-B95A-5EFACF449AFE}.Debug|Any CPU.ActiveCfg = Debug|Any CPU
		{E43AD811-B009-4E1D-B95A-5EFACF449AFE}.Debug|Any CPU.Build.0 = Debug|Any CPU
		{E43AD811-B009-4E1D-B95A-5EFACF449AFE}.Release|Any CPU.ActiveCfg = Release|Any CPU
		{E43AD811-B009-4E1D-B95A-5EFACF449AFE}.Release|Any CPU.Build.0 = Release|Any CPU
	EndGlobalSection
	GlobalSection(SolutionProperties) = preSolution
		HideSolutionNode = FALSE
	EndGlobalSection
	GlobalSection(ExtensibilityGlobals) = postSolution
		SolutionGuid = {30135250-5DA2-4C14-AC29-7BEAFF9802E2}
	EndGlobalSection
EndGlobal
